// !$*UTF8*$!
{
	archiveVersion = 1;
	classes = {
	};
	objectVersion = 50;
	objects = {

/* Begin PBXBuildFile section */
		F2AA75192788A1B90039C5BF /* AppDelegate.swift in Sources */ = {isa = PBXBuildFile; fileRef = F2AA75182788A1B90039C5BF /* AppDelegate.swift */; };
		F2AA751B2788A1B90039C5BF /* SceneDelegate.swift in Sources */ = {isa = PBXBuildFile; fileRef = F2AA751A2788A1B90039C5BF /* SceneDelegate.swift */; };
		F2AA751D2788A1B90039C5BF /* ToDoListViewController.swift in Sources */ = {isa = PBXBuildFile; fileRef = F2AA751C2788A1B90039C5BF /* ToDoListViewController.swift */; };
		F2AA75202788A1B90039C5BF /* Main.storyboard in Resources */ = {isa = PBXBuildFile; fileRef = F2AA751E2788A1B90039C5BF /* Main.storyboard */; };
		F2AA75222788A1BF0039C5BF /* Assets.xcassets in Resources */ = {isa = PBXBuildFile; fileRef = F2AA75212788A1BF0039C5BF /* Assets.xcassets */; };
		F2AA75252788A1BF0039C5BF /* LaunchScreen.storyboard in Resources */ = {isa = PBXBuildFile; fileRef = F2AA75232788A1BF0039C5BF /* LaunchScreen.storyboard */; };
		F2AA752D2788B1110039C5BF /* ToDoDetailTableViewController.swift in Sources */ = {isa = PBXBuildFile; fileRef = F2AA752C2788B1110039C5BF /* ToDoDetailTableViewController.swift */; };
		F2AA752F2788E1280039C5BF /* ToDoItem.swift in Sources */ = {isa = PBXBuildFile; fileRef = F2AA752E2788E1280039C5BF /* ToDoItem.swift */; };
		F2AA75352789DD0C0039C5BF /* ListTableViewCell.swift in Sources */ = {isa = PBXBuildFile; fileRef = F2AA75342789DD0C0039C5BF /* ListTableViewCell.swift */; };
		F2AA7538278B29400039C5BF /* ToDoItems.swift in Sources */ = {isa = PBXBuildFile; fileRef = F2AA7537278B29400039C5BF /* ToDoItems.swift */; };
		F2AA753A278B31DE0039C5BF /* LocalNotificationManager.swift in Sources */ = {isa = PBXBuildFile; fileRef = F2AA7539278B31DE0039C5BF /* LocalNotificationManager.swift */; };
		F2AA753C278B3D360039C5BF /* UIViewController + alert.swift in Sources */ = {isa = PBXBuildFile; fileRef = F2AA753B278B3D360039C5BF /* UIViewController + alert.swift */; };
		F2AA753E278B4DAD0039C5BF /* sgsgTableViewCell.swift in Sources */ = {isa = PBXBuildFile; fileRef = F2AA753D278B4DAD0039C5BF /* sgsgTableViewCell.swift */; };
/* End PBXBuildFile section */

/* Begin PBXFileReference section */
		F2AA75152788A1B90039C5BF /* ToDo List.app */ = {isa = PBXFileReference; explicitFileType = wrapper.application; includeInIndex = 0; path = "ToDo List.app"; sourceTree = BUILT_PRODUCTS_DIR; };
		F2AA75182788A1B90039C5BF /* AppDelegate.swift */ = {isa = PBXFileReference; lastKnownFileType = sourcecode.swift; path = AppDelegate.swift; sourceTree = "<group>"; };
		F2AA751A2788A1B90039C5BF /* SceneDelegate.swift */ = {isa = PBXFileReference; lastKnownFileType = sourcecode.swift; path = SceneDelegate.swift; sourceTree = "<group>"; };
		F2AA751C2788A1B90039C5BF /* ToDoListViewController.swift */ = {isa = PBXFileReference; lastKnownFileType = sourcecode.swift; path = ToDoListViewController.swift; sourceTree = "<group>"; };
		F2AA751F2788A1B90039C5BF /* Base */ = {isa = PBXFileReference; lastKnownFileType = file.storyboard; name = Base; path = Base.lproj/Main.storyboard; sourceTree = "<group>"; };
		F2AA75212788A1BF0039C5BF /* Assets.xcassets */ = {isa = PBXFileReference; lastKnownFileType = folder.assetcatalog; path = Assets.xcassets; sourceTree = "<group>"; };
		F2AA75242788A1BF0039C5BF /* Base */ = {isa = PBXFileReference; lastKnownFileType = file.storyboard; name = Base; path = Base.lproj/LaunchScreen.storyboard; sourceTree = "<group>"; };
		F2AA75262788A1BF0039C5BF /* Info.plist */ = {isa = PBXFileReference; lastKnownFileType = text.plist.xml; path = Info.plist; sourceTree = "<group>"; };
		F2AA752C2788B1110039C5BF /* ToDoDetailTableViewController.swift */ = {isa = PBXFileReference; lastKnownFileType = sourcecode.swift; path = ToDoDetailTableViewController.swift; sourceTree = "<group>"; };
		F2AA752E2788E1280039C5BF /* ToDoItem.swift */ = {isa = PBXFileReference; lastKnownFileType = sourcecode.swift; path = ToDoItem.swift; sourceTree = "<group>"; };
		F2AA75342789DD0C0039C5BF /* ListTableViewCell.swift */ = {isa = PBXFileReference; lastKnownFileType = sourcecode.swift; path = ListTableViewCell.swift; sourceTree = "<group>"; };
		F2AA7537278B29400039C5BF /* ToDoItems.swift */ = {isa = PBXFileReference; lastKnownFileType = sourcecode.swift; path = ToDoItems.swift; sourceTree = "<group>"; };
		F2AA7539278B31DE0039C5BF /* LocalNotificationManager.swift */ = {isa = PBXFileReference; lastKnownFileType = sourcecode.swift; path = LocalNotificationManager.swift; sourceTree = "<group>"; };
		F2AA753B278B3D360039C5BF /* UIViewController + alert.swift */ = {isa = PBXFileReference; lastKnownFileType = sourcecode.swift; path = "UIViewController + alert.swift"; sourceTree = "<group>"; };
		F2AA753D278B4DAD0039C5BF /* sgsgTableViewCell.swift */ = {isa = PBXFileReference; lastKnownFileType = sourcecode.swift; path = sgsgTableViewCell.swift; sourceTree = "<group>"; };
/* End PBXFileReference section */

/* Begin PBXFrameworksBuildPhase section */
		F2AA75122788A1B80039C5BF /* Frameworks */ = {
			isa = PBXFrameworksBuildPhase;
			buildActionMask = 2147483647;
			files = (
			);
			runOnlyForDeploymentPostprocessing = 0;
		};
/* End PBXFrameworksBuildPhase section */

/* Begin PBXGroup section */
		F2AA750C2788A1B80039C5BF = {
			isa = PBXGroup;
			children = (
				F2AA75172788A1B90039C5BF /* ToDo List */,
				F2AA75162788A1B90039C5BF /* Products */,
			);
			sourceTree = "<group>";
		};
		F2AA75162788A1B90039C5BF /* Products */ = {
			isa = PBXGroup;
			children = (
				F2AA75152788A1B90039C5BF /* ToDo List.app */,
			);
			name = Products;
			sourceTree = "<group>";
		};
		F2AA75172788A1B90039C5BF /* ToDo List */ = {
			isa = PBXGroup;
			children = (
				F2AA75332789CB9B0039C5BF /* models */,
				F2AA75322789CB840039C5BF /* viewControllers */,
				F2AA75302789CB700039C5BF /* utils */,
				F2AA75182788A1B90039C5BF /* AppDelegate.swift */,
				F2AA751A2788A1B90039C5BF /* SceneDelegate.swift */,
				F2AA75262788A1BF0039C5BF /* Info.plist */,
			);
			path = "ToDo List";
			sourceTree = "<group>";
		};
		F2AA75302789CB700039C5BF /* utils */ = {
			isa = PBXGroup;
			children = (
				F2AA75212788A1BF0039C5BF /* Assets.xcassets */,
				F2AA7539278B31DE0039C5BF /* LocalNotificationManager.swift */,
				F2AA753B278B3D360039C5BF /* UIViewController + alert.swift */,
			);
			path = utils;
			sourceTree = "<group>";
		};
		F2AA75322789CB840039C5BF /* viewControllers */ = {
			isa = PBXGroup;
			children = (
				F2AA751E2788A1B90039C5BF /* Main.storyboard */,
				F2AA75232788A1BF0039C5BF /* LaunchScreen.storyboard */,
				F2AA751C2788A1B90039C5BF /* ToDoListViewController.swift */,
				F2AA752C2788B1110039C5BF /* ToDoDetailTableViewController.swift */,
				F2AA75342789DD0C0039C5BF /* ListTableViewCell.swift */,
				F2AA753D278B4DAD0039C5BF /* sgsgTableViewCell.swift */,
			);
			path = viewControllers;
			sourceTree = "<group>";
		};
		F2AA75332789CB9B0039C5BF /* models */ = {
			isa = PBXGroup;
			children = (
				F2AA752E2788E1280039C5BF /* ToDoItem.swift */,
				F2AA7537278B29400039C5BF /* ToDoItems.swift */,
			);
			path = models;
			sourceTree = "<group>";
		};
/* End PBXGroup section */

/* Begin PBXNativeTarget section */
		F2AA75142788A1B80039C5BF /* ToDo List */ = {
			isa = PBXNativeTarget;
			buildConfigurationList = F2AA75292788A1BF0039C5BF /* Build configuration list for PBXNativeTarget "ToDo List" */;
			buildPhases = (
				F2AA75112788A1B80039C5BF /* Sources */,
				F2AA75122788A1B80039C5BF /* Frameworks */,
				F2AA75132788A1B80039C5BF /* Resources */,
			);
			buildRules = (
			);
			dependencies = (
			);
			name = "ToDo List";
			productName = "ToDo List";
			productReference = F2AA75152788A1B90039C5BF /* ToDo List.app */;
			productType = "com.apple.product-type.application";
		};
/* End PBXNativeTarget section */

/* Begin PBXProject section */
		F2AA750D2788A1B80039C5BF /* Project object */ = {
			isa = PBXProject;
			attributes = {
				LastSwiftUpdateCheck = 1250;
				LastUpgradeCheck = 1250;
				TargetAttributes = {
					F2AA75142788A1B80039C5BF = {
						CreatedOnToolsVersion = 12.5.1;
					};
				};
			};
			buildConfigurationList = F2AA75102788A1B80039C5BF /* Build configuration list for PBXProject "ToDo List" */;
			compatibilityVersion = "Xcode 9.3";
			developmentRegion = en;
			hasScannedForEncodings = 0;
			knownRegions = (
				en,
				Base,
			);
			mainGroup = F2AA750C2788A1B80039C5BF;
			productRefGroup = F2AA75162788A1B90039C5BF /* Products */;
			projectDirPath = "";
			projectRoot = "";
			targets = (
				F2AA75142788A1B80039C5BF /* ToDo List */,
			);
		};
/* End PBXProject section */

/* Begin PBXResourcesBuildPhase section */
		F2AA75132788A1B80039C5BF /* Resources */ = {
			isa = PBXResourcesBuildPhase;
			buildActionMask = 2147483647;
			files = (
				F2AA75252788A1BF0039C5BF /* LaunchScreen.storyboard in Resources */,
				F2AA75222788A1BF0039C5BF /* Assets.xcassets in Resources */,
				F2AA75202788A1B90039C5BF /* Main.storyboard in Resources */,
			);
			runOnlyForDeploymentPostprocessing = 0;
		};
/* End PBXResourcesBuildPhase section */

/* Begin PBXSourcesBuildPhase section */
		F2AA75112788A1B80039C5BF /* Sources */ = {
			isa = PBXSourcesBuildPhase;
			buildActionMask = 2147483647;
			files = (
				F2AA751D2788A1B90039C5BF /* ToDoListViewController.swift in Sources */,
				F2AA7538278B29400039C5BF /* ToDoItems.swift in Sources */,
				F2AA75192788A1B90039C5BF /* AppDelegate.swift in Sources */,
				F2AA752F2788E1280039C5BF /* ToDoItem.swift in Sources */,
				F2AA753C278B3D360039C5BF /* UIViewController + alert.swift in Sources */,
				F2AA752D2788B1110039C5BF /* ToDoDetailTableViewController.swift in Sources */,
				F2AA751B2788A1B90039C5BF /* SceneDelegate.swift in Sources */,
				F2AA753A278B31DE0039C5BF /* LocalNotificationManager.swift in Sources */,
				F2AA75352789DD0C0039C5BF /* ListTableViewCell.swift in Sources */,
				F2AA753E278B4DAD0039C5BF /* sgsgTableViewCell.swift in Sources */,
			);
			runOnlyForDeploymentPostprocessing = 0;
		};
/* End PBXSourcesBuildPhase section */

/* Begin PBXVariantGroup section */
		F2AA751E2788A1B90039C5BF /* Main.storyboard */ = {
			isa = PBXVariantGroup;
			children = (
				F2AA751F2788A1B90039C5BF /* Base */,
			);
			name = Main.storyboard;
			sourceTree = "<group>";
		};
		F2AA75232788A1BF0039C5BF /* LaunchScreen.storyboard */ = {
			isa = PBXVariantGroup;
			children = (
				F2AA75242788A1BF0039C5BF /* Base */,
			);
			name = LaunchScreen.storyboard;
			sourceTree = "<group>";
		};
/* End PBXVariantGroup section */

/* Begin XCBuildConfiguration section */
		F2AA75272788A1BF0039C5BF /* Debug */ = {
			isa = XCBuildConfiguration;
			buildSettings = {
				ALWAYS_SEARCH_USER_PATHS = NO;
				CLANG_ANALYZER_NONNULL = YES;
				CLANG_ANALYZER_NUMBER_OBJECT_CONVERSION = YES_AGGRESSIVE;
				CLANG_CXX_LANGUAGE_STANDARD = "gnu++14";
				CLANG_CXX_LIBRARY = "libc++";
				CLANG_ENABLE_MODULES = YES;
				CLANG_ENABLE_OBJC_ARC = YES;
				CLANG_ENABLE_OBJC_WEAK = YES;
				CLANG_WARN_BLOCK_CAPTURE_AUTORELEASING = YES;
				CLANG_WARN_BOOL_CONVERSION = YES;
				CLANG_WARN_COMMA = YES;
				CLANG_WARN_CONSTANT_CONVERSION = YES;
				CLANG_WARN_DEPRECATED_OBJC_IMPLEMENTATIONS = YES;
				CLANG_WARN_DIRECT_OBJC_ISA_USAGE = YES_ERROR;
				CLANG_WARN_DOCUMENTATION_COMMENTS = YES;
				CLANG_WARN_EMPTY_BODY = YES;
				CLANG_WARN_ENUM_CONVERSION = YES;
				CLANG_WARN_INFINITE_RECURSION = YES;
				CLANG_WARN_INT_CONVERSION = YES;
				CLANG_WARN_NON_LITERAL_NULL_CONVERSION = YES;
				CLANG_WARN_OBJC_IMPLICIT_RETAIN_SELF = YES;
				CLANG_WARN_OBJC_LITERAL_CONVERSION = YES;
				CLANG_WARN_OBJC_ROOT_CLASS = YES_ERROR;
				CLANG_WARN_QUOTED_INCLUDE_IN_FRAMEWORK_HEADER = YES;
				CLANG_WARN_RANGE_LOOP_ANALYSIS = YES;
				CLANG_WARN_STRICT_PROTOTYPES = YES;
				CLANG_WARN_SUSPICIOUS_MOVE = YES;
				CLANG_WARN_UNGUARDED_AVAILABILITY = YES_AGGRESSIVE;
				CLANG_WARN_UNREACHABLE_CODE = YES;
				CLANG_WARN__DUPLICATE_METHOD_MATCH = YES;
				COPY_PHASE_STRIP = NO;
				DEBUG_INFORMATION_FORMAT = dwarf;
				ENABLE_STRICT_OBJC_MSGSEND = YES;
				ENABLE_TESTABILITY = YES;
				GCC_C_LANGUAGE_STANDARD = gnu11;
				GCC_DYNAMIC_NO_PIC = NO;
				GCC_NO_COMMON_BLOCKS = YES;
				GCC_OPTIMIZATION_LEVEL = 0;
				GCC_PREPROCESSOR_DEFINITIONS = (
					"DEBUG=1",
					"$(inherited)",
				);
				GCC_WARN_64_TO_32_BIT_CONVERSION = YES;
				GCC_WARN_ABOUT_RETURN_TYPE = YES_ERROR;
				GCC_WARN_UNDECLARED_SELECTOR = YES;
				GCC_WARN_UNINITIALIZED_AUTOS = YES_AGGRESSIVE;
				GCC_WARN_UNUSED_FUNCTION = YES;
				GCC_WARN_UNUSED_VARIABLE = YES;
				IPHONEOS_DEPLOYMENT_TARGET = 14.5;
				MTL_ENABLE_DEBUG_INFO = INCLUDE_SOURCE;
				MTL_FAST_MATH = YES;
				ONLY_ACTIVE_ARCH = YES;
				SDKROOT = iphoneos;
				SWIFT_ACTIVE_COMPILATION_CONDITIONS = DEBUG;
				SWIFT_OPTIMIZATION_LEVEL = "-Onone";
			};
			name = Debug;
		};
		F2AA75282788A1BF0039C5BF /* Release */ = {
			isa = XCBuildConfiguration;
			buildSettings = {
				ALWAYS_SEARCH_USER_PATHS = NO;
				CLANG_ANALYZER_NONNULL = YES;
				CLANG_ANALYZER_NUMBER_OBJECT_CONVERSION = YES_AGGRESSIVE;
				CLANG_CXX_LANGUAGE_STANDARD = "gnu++14";
				CLANG_CXX_LIBRARY = "libc++";
				CLANG_ENABLE_MODULES = YES;
				CLANG_ENABLE_OBJC_ARC = YES;
				CLANG_ENABLE_OBJC_WEAK = YES;
				CLANG_WARN_BLOCK_CAPTURE_AUTORELEASING = YES;
				CLANG_WARN_BOOL_CONVERSION = YES;
				CLANG_WARN_COMMA = YES;
				CLANG_WARN_CONSTANT_CONVERSION = YES;
				CLANG_WARN_DEPRECATED_OBJC_IMPLEMENTATIONS = YES;
				CLANG_WARN_DIRECT_OBJC_ISA_USAGE = YES_ERROR;
				CLANG_WARN_DOCUMENTATION_COMMENTS = YES;
				CLANG_WARN_EMPTY_BODY = YES;
				CLANG_WARN_ENUM_CONVERSION = YES;
				CLANG_WARN_INFINITE_RECURSION = YES;
				CLANG_WARN_INT_CONVERSION = YES;
				CLANG_WARN_NON_LITERAL_NULL_CONVERSION = YES;
				CLANG_WARN_OBJC_IMPLICIT_RETAIN_SELF = YES;
				CLANG_WARN_OBJC_LITERAL_CONVERSION = YES;
				CLANG_WARN_OBJC_ROOT_CLASS = YES_ERROR;
				CLANG_WARN_QUOTED_INCLUDE_IN_FRAMEWORK_HEADER = YES;
				CLANG_WARN_RANGE_LOOP_ANALYSIS = YES;
				CLANG_WARN_STRICT_PROTOTYPES = YES;
				CLANG_WARN_SUSPICIOUS_MOVE = YES;
				CLANG_WARN_UNGUARDED_AVAILABILITY = YES_AGGRESSIVE;
				CLANG_WARN_UNREACHABLE_CODE = YES;
				CLANG_WARN__DUPLICATE_METHOD_MATCH = YES;
				COPY_PHASE_STRIP = NO;
				DEBUG_INFORMATION_FORMAT = "dwarf-with-dsym";
				ENABLE_NS_ASSERTIONS = NO;
				ENABLE_STRICT_OBJC_MSGSEND = YES;
				GCC_C_LANGUAGE_STANDARD = gnu11;
				GCC_NO_COMMON_BLOCKS = YES;
				GCC_WARN_64_TO_32_BIT_CONVERSION = YES;
				GCC_WARN_ABOUT_RETURN_TYPE = YES_ERROR;
				GCC_WARN_UNDECLARED_SELECTOR = YES;
				GCC_WARN_UNINITIALIZED_AUTOS = YES_AGGRESSIVE;
				GCC_WARN_UNUSED_FUNCTION = YES;
				GCC_WARN_UNUSED_VARIABLE = YES;
				IPHONEOS_DEPLOYMENT_TARGET = 14.5;
				MTL_ENABLE_DEBUG_INFO = NO;
				MTL_FAST_MATH = YES;
				SDKROOT = iphoneos;
				SWIFT_COMPILATION_MODE = wholemodule;
				SWIFT_OPTIMIZATION_LEVEL = "-O";
				VALIDATE_PRODUCT = YES;
			};
			name = Release;
		};
		F2AA752A2788A1BF0039C5BF /* Debug */ = {
			isa = XCBuildConfiguration;
			buildSettings = {
				ASSETCATALOG_COMPILER_APPICON_NAME = AppIcon;
				ASSETCATALOG_COMPILER_GLOBAL_ACCENT_COLOR_NAME = AccentColor;
				CODE_SIGN_STYLE = Automatic;
				DEVELOPMENT_TEAM = LWVBT323AX;
				INFOPLIST_FILE = "ToDo List/Info.plist";
				LD_RUNPATH_SEARCH_PATHS = (
					"$(inherited)",
					"@executable_path/Frameworks",
				);
				PRODUCT_BUNDLE_IDENTIFIER = "spy-go-fast.ToDo-List";
				PRODUCT_NAME = "$(TARGET_NAME)";
				SWIFT_VERSION = 5.0;
				TARGETED_DEVICE_FAMILY = "1,2";
			};
			name = Debug;
		};
		F2AA752B2788A1BF0039C5BF /* Release */ = {
			isa = XCBuildConfiguration;
			buildSettings = {
				ASSETCATALOG_COMPILER_APPICON_NAME = AppIcon;
				ASSETCATALOG_COMPILER_GLOBAL_ACCENT_COLOR_NAME = AccentColor;
				CODE_SIGN_STYLE = Automatic;
				DEVELOPMENT_TEAM = LWVBT323AX;
				INFOPLIST_FILE = "ToDo List/Info.plist";
				LD_RUNPATH_SEARCH_PATHS = (
					"$(inherited)",
					"@executable_path/Frameworks",
				);
				PRODUCT_BUNDLE_IDENTIFIER = "spy-go-fast.ToDo-List";
				PRODUCT_NAME = "$(TARGET_NAME)";
				SWIFT_VERSION = 5.0;
				TARGETED_DEVICE_FAMILY = "1,2";
			};
			name = Release;
		};
/* End XCBuildConfiguration section */

/* Begin XCConfigurationList section */
		F2AA75102788A1B80039C5BF /* Build configuration list for PBXProject "ToDo List" */ = {
			isa = XCConfigurationList;
			buildConfigurations = (
				F2AA75272788A1BF0039C5BF /* Debug */,
				F2AA75282788A1BF0039C5BF /* Release */,
			);
			defaultConfigurationIsVisible = 0;
			defaultConfigurationName = Release;
		};
		F2AA75292788A1BF0039C5BF /* Build configuration list for PBXNativeTarget "ToDo List" */ = {
			isa = XCConfigurationList;
			buildConfigurations = (
				F2AA752A2788A1BF0039C5BF /* Debug */,
				F2AA752B2788A1BF0039C5BF /* Release */,
			);
			defaultConfigurationIsVisible = 0;
			defaultConfigurationName = Release;
		};
/* End XCConfigurationList section */
	};
	rootObject = F2AA750D2788A1B80039C5BF /* Project object */;
}
